lockVersion: 2.0.0
id: f83d894c-c934-499f-8a8d-e128395ae8ff
management:
  docChecksum: 1f34feb302cea102048b5efa2895d85b
  docVersion: "1.0"
  speakeasyVersion: 1.477.2
  generationVersion: 2.497.8
  releaseVersion: 0.2.1
  configChecksum: 77178376caee6dd9555e96cfc16eb02b
  repoURL: https://github.com/novuhq/novu-py.git
  installationURL: https://github.com/novuhq/novu-py.git
  published: true
features:
  python:
    additionalDependencies: 1.0.0
    core: 5.10.6
    defaultEnabledRetries: 0.2.0
    devContainers: 3.0.0
    envVarSecurityUsage: 0.3.2
    flattening: 3.1.0
    globalSecurity: 3.0.2
    globalSecurityCallbacks: 1.0.0
    globalServerURLs: 3.1.0
    groups: 3.0.0
    methodArguments: 1.0.2
    nameOverrides: 3.0.1
    nullables: 1.0.0
    responseFormat: 1.0.1
    retries: 3.0.2
    sdkHooks: 1.0.0
generatedFiles:
  - .devcontainer/README.md
  - .devcontainer/devcontainer.json
  - .devcontainer/setup.sh
  - .gitattributes
  - .python-version
  - .vscode/settings.json
  - USAGE.md
  - docs/models/createsupportthreaddto.md
  - docs/models/customer.md
  - docs/models/plaincardrequestdto.md
  - docs/models/security.md
  - docs/models/supportcontrollercreatethreadrequest.md
  - docs/models/supportcontrollerfetchuserorganizationsrequest.md
  - docs/models/tenant.md
  - docs/models/thread.md
  - docs/models/utils/retryconfig.md
  - docs/sdks/novu/README.md
  - docs/sdks/support/README.md
  - poetry.toml
  - py.typed
  - pylintrc
  - pyproject.toml
  - scripts/prepare-readme.py
  - scripts/publish.sh
  - src/novu_py/__init__.py
  - src/novu_py/_hooks/__init__.py
  - src/novu_py/_hooks/sdkhooks.py
  - src/novu_py/_hooks/types.py
  - src/novu_py/_version.py
  - src/novu_py/basesdk.py
  - src/novu_py/httpclient.py
  - src/novu_py/models/__init__.py
  - src/novu_py/models/apierror.py
  - src/novu_py/models/createsupportthreaddto.py
  - src/novu_py/models/plaincardrequestdto.py
  - src/novu_py/models/security.py
  - src/novu_py/models/supportcontroller_createthreadop.py
  - src/novu_py/models/supportcontroller_fetchuserorganizationsop.py
  - src/novu_py/py.typed
  - src/novu_py/sdk.py
  - src/novu_py/sdkconfiguration.py
  - src/novu_py/support.py
  - src/novu_py/types/__init__.py
  - src/novu_py/types/basemodel.py
  - src/novu_py/utils/__init__.py
  - src/novu_py/utils/annotations.py
  - src/novu_py/utils/enums.py
  - src/novu_py/utils/eventstreaming.py
  - src/novu_py/utils/forms.py
  - src/novu_py/utils/headers.py
  - src/novu_py/utils/logger.py
  - src/novu_py/utils/metadata.py
  - src/novu_py/utils/queryparams.py
  - src/novu_py/utils/requestbodies.py
  - src/novu_py/utils/retries.py
  - src/novu_py/utils/security.py
  - src/novu_py/utils/serializers.py
  - src/novu_py/utils/url.py
  - src/novu_py/utils/values.py
examples:
  SupportController_fetchUserOrganizations:
    speakeasy-default-support-controller-fetch-user-organizations:
      requestBody:
        application/json: {"timestamp": "<value>"}
  SupportController_createThread:
    speakeasy-default-support-controller-create-thread:
      requestBody:
        application/json: {"text": "<value>"}
examplesVersion: 1.0.0
generatedTests: {}
