speakeasyVersion: 1.531.0
sources:
    novu-OAS:
        sourceNamespace: novu-oas
        sourceRevisionDigest: sha256:c66e7904afdca67e020fd7b53d8ad3b2e2a63c5ceafce40d8b49cbdae568a73c
        sourceBlobDigest: sha256:4eaaf3fc29cc6ebbebde8743c0de136f9606cada7bce9e274364f92a4a6aac9b
        tags:
            - latest
            - speakeasy-sdk-regen-1742515442
            - "1.0"
targets:
    novu:
        source: novu-OAS
        sourceNamespace: novu-oas
        sourceRevisionDigest: sha256:c66e7904afdca67e020fd7b53d8ad3b2e2a63c5ceafce40d8b49cbdae568a73c
        sourceBlobDigest: sha256:4eaaf3fc29cc6ebbebde8743c0de136f9606cada7bce9e274364f92a4a6aac9b
        codeSamplesNamespace: novu-oas-python-code-samples
        codeSamplesRevisionDigest: sha256:2b74cb4247931dee0cd15940cac7fb01336da9164e66ae82467f2a7a8489e5c2
workflow:
    workflowVersion: 1.0.0
    speakeasyVersion: latest
    sources:
        novu-OAS:
            inputs:
                - location: https://api.novu.co/openapi.sdk.yaml
            overlays:
                - location: .speakeasy/speakeasy-modifications-overlay.yaml
            registry:
                location: registry.speakeasyapi.dev/novu/novu/novu-oas
    targets:
        novu:
            target: python
            source: novu-OAS
            publish:
                pypi:
                    token: $pypi_token
            codeSamples:
                registry:
                    location: registry.speakeasyapi.dev/novu/novu/novu-oas-python-code-samples
                labelOverride:
                    fixedValue: Python
                blocking: false
