speakeasyVersion: 1.543.4
sources:
    novu-OAS:
        sourceNamespace: novu-oas
        sourceRevisionDigest: sha256:b7669fdea3fd814bf832378e48264e014ba4c966ee9490f2af40a39583da0d0c
        sourceBlobDigest: sha256:3795e4ad5789d63d8809dd608dccb057dba9a6e6b631b32119676f0d705ec5e9
        tags:
            - latest
            - speakeasy-sdk-regen-1744243452
            - 2.1.13
targets:
    novu:
        source: novu-OAS
        sourceNamespace: novu-oas
        sourceRevisionDigest: sha256:b7669fdea3fd814bf832378e48264e014ba4c966ee9490f2af40a39583da0d0c
        sourceBlobDigest: sha256:3795e4ad5789d63d8809dd608dccb057dba9a6e6b631b32119676f0d705ec5e9
        codeSamplesNamespace: novu-oas-python-code-samples
        codeSamplesRevisionDigest: sha256:b64eb3c65706f1bd3e03bbb2473cc67f4080babfdb1a9da5a035ca2087634eb7
workflow:
    workflowVersion: 1.0.0
    speakeasyVersion: latest
    sources:
        novu-OAS:
            inputs:
                - location: https://api.novu.co/openapi.sdk.yaml
            overlays:
                - location: .speakeasy/speakeasy-modifications-overlay.yaml
            registry:
                location: registry.speakeasyapi.dev/novu/novu/novu-oas
    targets:
        novu:
            target: python
            source: novu-OAS
            publish:
                pypi:
                    token: $pypi_token
            codeSamples:
                registry:
                    location: registry.speakeasyapi.dev/novu/novu/novu-oas-python-code-samples
                labelOverride:
                    fixedValue: Python
                blocking: false
