speakeasyVersion: 1.552.0
sources:
    novu-OAS:
        sourceNamespace: novu-oas
        sourceRevisionDigest: sha256:f55c1314a8e5b7da89f4995f0cd6daa56f96b0e35667ecc62472b5adb04f8952
        sourceBlobDigest: sha256:2a478410f06701511ea4fbc88a97efaeee53cc79b0ff3315d246251038e17424
        tags:
            - latest
            - speakeasy-sdk-regen-1747958647
            - 2.2.0
targets:
    novu:
        source: novu-OAS
        sourceNamespace: novu-oas
        sourceRevisionDigest: sha256:f55c1314a8e5b7da89f4995f0cd6daa56f96b0e35667ecc62472b5adb04f8952
        sourceBlobDigest: sha256:2a478410f06701511ea4fbc88a97efaeee53cc79b0ff3315d246251038e17424
        codeSamplesNamespace: novu-oas-python-code-samples
        codeSamplesRevisionDigest: sha256:48dd12e836c35af7822a6853a14c6c64a7f96ef89bb6915971c7f104509d34b0
workflow:
    workflowVersion: 1.0.0
    speakeasyVersion: latest
    sources:
        novu-OAS:
            inputs:
                - location: https://api.novu.co/openapi.sdk.yaml
            overlays:
                - location: .speakeasy/speakeasy-modifications-overlay.yaml
            registry:
                location: registry.speakeasyapi.dev/novu/novu/novu-oas
    targets:
        novu:
            target: python
            source: novu-OAS
            publish:
                pypi:
                    token: $pypi_token
            codeSamples:
                registry:
                    location: registry.speakeasyapi.dev/novu/novu/novu-oas-python-code-samples
                labelOverride:
                    fixedValue: Python
                blocking: false
